
Microsoft Visual Studio Solution File, Format Version 12.00
# Visual Studio Version 17
VisualStudioVersion = 17.3.32819.101
MinimumVisualStudioVersion = 10.0.40219.1
Project("{FAE04EC0-301F-11D3-BF4B-00C04F79EFBC}") = "WildFarm", "WildFarm.csproj", "{F2D25525-667A-42EE-AC77-5BDC8EC6133A}"
EndProject
Global
	GlobalSection(SolutionConfigurationPlatforms) = preSolution
		Debug|Any CPU = Debug|Any CPU
		Release|Any CPU = Release|Any CPU
	EndGlobalSection
	GlobalSection(ProjectConfigurationPlatforms) = postSolution
		{F2D25525-667A-42EE-AC77-5BDC8EC6133A}.Debug|Any CPU.ActiveCfg = Debug|Any CPU
		{F2D25525-667A-42EE-AC77-5BDC8EC6133A}.Debug|Any CPU.Build.0 = Debug|Any CPU
		{F2D25525-667A-42EE-AC77-5BDC8EC6133A}.Release|Any CPU.ActiveCfg = Release|Any CPU
		{F2D25525-667A-42EE-AC77-5BDC8EC6133A}.Release|Any CPU.Build.0 = Release|Any CPU
	EndGlobalSection
	GlobalSection(SolutionProperties) = preSolution
		HideSolutionNode = FALSE
	EndGlobalSection
	GlobalSection(ExtensibilityGlobals) = postSolution
		SolutionGuid = {DB1C906C-08D0-42DD-9869-5014009C6C3D}
	EndGlobalSection
EndGlobal
