
Microsoft Visual Studio Solution File, Format Version 12.00
# Visual Studio Version 17
VisualStudioVersion = 17.3.32819.101
MinimumVisualStudioVersion = 10.0.40219.1
Project("{FAE04EC0-301F-11D3-BF4B-00C04F79EFBC}") = "Vehicles", "Vehicles.csproj", "{136C8702-58B1-4137-A7F7-5798E2A24FB0}"
EndProject
Global
	GlobalSection(SolutionConfigurationPlatforms) = preSolution
		Debug|Any CPU = Debug|Any CPU
		Release|Any CPU = Release|Any CPU
	EndGlobalSection
	GlobalSection(ProjectConfigurationPlatforms) = postSolution
		{136C8702-58B1-4137-A7F7-5798E2A24FB0}.Debug|Any CPU.ActiveCfg = Debug|Any CPU
		{136C8702-58B1-4137-A7F7-5798E2A24FB0}.Debug|Any CPU.Build.0 = Debug|Any CPU
		{136C8702-58B1-4137-A7F7-5798E2A24FB0}.Release|Any CPU.ActiveCfg = Release|Any CPU
		{136C8702-58B1-4137-A7F7-5798E2A24FB0}.Release|Any CPU.Build.0 = Release|Any CPU
	EndGlobalSection
	GlobalSection(SolutionProperties) = preSolution
		HideSolutionNode = FALSE
	EndGlobalSection
	GlobalSection(ExtensibilityGlobals) = postSolution
		SolutionGuid = {FAA17DE7-6CF4-4A9F-8D25-940505CD6A24}
	EndGlobalSection
EndGlobal
