
Microsoft Visual Studio Solution File, Format Version 12.00
# Visual Studio Version 17
VisualStudioVersion = 17.3.32819.101
MinimumVisualStudioVersion = 10.0.40219.1
Project("{FAE04EC0-301F-11D3-BF4B-00C04F79EFBC}") = "Tests", "Tests.csproj", "{6F3CD26A-29A3-497C-B465-D7AEB9694032}"
EndProject
Project("{FAE04EC0-301F-11D3-BF4B-00C04F79EFBC}") = "Bank", "..\Bank\Bank.csproj", "{5059F791-91A7-4CA5-BBBD-3358277975F2}"
EndProject
Project("{FAE04EC0-301F-11D3-BF4B-00C04F79EFBC}") = "Bank.Tests", "..\Bank.Tests\Bank.Tests.csproj", "{0EB7F68B-22CD-4B94-96E2-6D06BDF4F2F7}"
EndProject
Global
	GlobalSection(SolutionConfigurationPlatforms) = preSolution
		Debug|Any CPU = Debug|Any CPU
		Release|Any CPU = Release|Any CPU
	EndGlobalSection
	GlobalSection(ProjectConfigurationPlatforms) = postSolution
		{6F3CD26A-29A3-497C-B465-D7AEB9694032}.Debug|Any CPU.ActiveCfg = Debug|Any CPU
		{6F3CD26A-29A3-497C-B465-D7AEB9694032}.Debug|Any CPU.Build.0 = Debug|Any CPU
		{6F3CD26A-29A3-497C-B465-D7AEB9694032}.Release|Any CPU.ActiveCfg = Release|Any CPU
		{6F3CD26A-29A3-497C-B465-D7AEB9694032}.Release|Any CPU.Build.0 = Release|Any CPU
		{5059F791-91A7-4CA5-BBBD-3358277975F2}.Debug|Any CPU.ActiveCfg = Debug|Any CPU
		{5059F791-91A7-4CA5-BBBD-3358277975F2}.Debug|Any CPU.Build.0 = Debug|Any CPU
		{5059F791-91A7-4CA5-BBBD-3358277975F2}.Release|Any CPU.ActiveCfg = Release|Any CPU
		{5059F791-91A7-4CA5-BBBD-3358277975F2}.Release|Any CPU.Build.0 = Release|Any CPU
		{0EB7F68B-22CD-4B94-96E2-6D06BDF4F2F7}.Debug|Any CPU.ActiveCfg = Debug|Any CPU
		{0EB7F68B-22CD-4B94-96E2-6D06BDF4F2F7}.Debug|Any CPU.Build.0 = Debug|Any CPU
		{0EB7F68B-22CD-4B94-96E2-6D06BDF4F2F7}.Release|Any CPU.ActiveCfg = Release|Any CPU
		{0EB7F68B-22CD-4B94-96E2-6D06BDF4F2F7}.Release|Any CPU.Build.0 = Release|Any CPU
	EndGlobalSection
	GlobalSection(SolutionProperties) = preSolution
		HideSolutionNode = FALSE
	EndGlobalSection
	GlobalSection(ExtensibilityGlobals) = postSolution
		SolutionGuid = {B66AF30A-5020-4B70-82F3-F143BCCC373A}
	EndGlobalSection
EndGlobal
