
Microsoft Visual Studio Solution File, Format Version 12.00
# Visual Studio Version 17
VisualStudioVersion = 17.3.32819.101
MinimumVisualStudioVersion = 10.0.40219.1
Project("{FAE04EC0-301F-11D3-BF4B-00C04F79EFBC}") = "PizzaCalories", "PizzaCalories.csproj", "{14A9A734-EB59-49A5-A5D9-30A0D526F500}"
EndProject
Global
	GlobalSection(SolutionConfigurationPlatforms) = preSolution
		Debug|Any CPU = Debug|Any CPU
		Release|Any CPU = Release|Any CPU
	EndGlobalSection
	GlobalSection(ProjectConfigurationPlatforms) = postSolution
		{14A9A734-EB59-49A5-A5D9-30A0D526F500}.Debug|Any CPU.ActiveCfg = Debug|Any CPU
		{14A9A734-EB59-49A5-A5D9-30A0D526F500}.Debug|Any CPU.Build.0 = Debug|Any CPU
		{14A9A734-EB59-49A5-A5D9-30A0D526F500}.Release|Any CPU.ActiveCfg = Release|Any CPU
		{14A9A734-EB59-49A5-A5D9-30A0D526F500}.Release|Any CPU.Build.0 = Release|Any CPU
	EndGlobalSection
	GlobalSection(SolutionProperties) = preSolution
		HideSolutionNode = FALSE
	EndGlobalSection
	GlobalSection(ExtensibilityGlobals) = postSolution
		SolutionGuid = {7E074952-7BA6-4EFF-8F2F-47872D69E1C2}
	EndGlobalSection
EndGlobal
