
Microsoft Visual Studio Solution File, Format Version 12.00
# Visual Studio Version 17
VisualStudioVersion = 17.3.32819.101
MinimumVisualStudioVersion = 10.0.40219.1
Project("{FAE04EC0-301F-11D3-BF4B-00C04F79EFBC}") = "MathOperations", "MathOperations.csproj", "{33A6108D-99DA-4172-9F17-DE0D383D939C}"
EndProject
Project("{FAE04EC0-301F-11D3-BF4B-00C04F79EFBC}") = "Animals", "..\Animals\Animals.csproj", "{5FFD862C-7DFC-4F3D-B094-8268CC6CBE85}"
EndProject
Project("{FAE04EC0-301F-11D3-BF4B-00C04F79EFBC}") = "Shapes", "..\Shapes\Shapes.csproj", "{9A83E26B-2E2F-4401-99F7-8FE4E14E0BA8}"
EndProject
Global
	GlobalSection(SolutionConfigurationPlatforms) = preSolution
		Debug|Any CPU = Debug|Any CPU
		Release|Any CPU = Release|Any CPU
	EndGlobalSection
	GlobalSection(ProjectConfigurationPlatforms) = postSolution
		{33A6108D-99DA-4172-9F17-DE0D383D939C}.Debug|Any CPU.ActiveCfg = Debug|Any CPU
		{33A6108D-99DA-4172-9F17-DE0D383D939C}.Debug|Any CPU.Build.0 = Debug|Any CPU
		{33A6108D-99DA-4172-9F17-DE0D383D939C}.Release|Any CPU.ActiveCfg = Release|Any CPU
		{33A6108D-99DA-4172-9F17-DE0D383D939C}.Release|Any CPU.Build.0 = Release|Any CPU
		{5FFD862C-7DFC-4F3D-B094-8268CC6CBE85}.Debug|Any CPU.ActiveCfg = Debug|Any CPU
		{5FFD862C-7DFC-4F3D-B094-8268CC6CBE85}.Debug|Any CPU.Build.0 = Debug|Any CPU
		{5FFD862C-7DFC-4F3D-B094-8268CC6CBE85}.Release|Any CPU.ActiveCfg = Release|Any CPU
		{5FFD862C-7DFC-4F3D-B094-8268CC6CBE85}.Release|Any CPU.Build.0 = Release|Any CPU
		{9A83E26B-2E2F-4401-99F7-8FE4E14E0BA8}.Debug|Any CPU.ActiveCfg = Debug|Any CPU
		{9A83E26B-2E2F-4401-99F7-8FE4E14E0BA8}.Debug|Any CPU.Build.0 = Debug|Any CPU
		{9A83E26B-2E2F-4401-99F7-8FE4E14E0BA8}.Release|Any CPU.ActiveCfg = Release|Any CPU
		{9A83E26B-2E2F-4401-99F7-8FE4E14E0BA8}.Release|Any CPU.Build.0 = Release|Any CPU
	EndGlobalSection
	GlobalSection(SolutionProperties) = preSolution
		HideSolutionNode = FALSE
	EndGlobalSection
	GlobalSection(ExtensibilityGlobals) = postSolution
		SolutionGuid = {DFB6EB88-DA4F-4D17-A841-949DA0E5ED01}
	EndGlobalSection
EndGlobal
