
Microsoft Visual Studio Solution File, Format Version 12.00
# Visual Studio Version 17
VisualStudioVersion = 17.3.32819.101
MinimumVisualStudioVersion = 10.0.40219.1
Project("{FAE04EC0-301F-11D3-BF4B-00C04F79EFBC}") = "MilitaryElite", "MilitaryElite.csproj", "{F77397D3-5EE2-4ACB-8014-51934FDF62F9}"
EndProject
Global
	GlobalSection(SolutionConfigurationPlatforms) = preSolution
		Debug|Any CPU = Debug|Any CPU
		Release|Any CPU = Release|Any CPU
	EndGlobalSection
	GlobalSection(ProjectConfigurationPlatforms) = postSolution
		{F77397D3-5EE2-4ACB-8014-51934FDF62F9}.Debug|Any CPU.ActiveCfg = Debug|Any CPU
		{F77397D3-5EE2-4ACB-8014-51934FDF62F9}.Debug|Any CPU.Build.0 = Debug|Any CPU
		{F77397D3-5EE2-4ACB-8014-51934FDF62F9}.Release|Any CPU.ActiveCfg = Release|Any CPU
		{F77397D3-5EE2-4ACB-8014-51934FDF62F9}.Release|Any CPU.Build.0 = Release|Any CPU
	EndGlobalSection
	GlobalSection(SolutionProperties) = preSolution
		HideSolutionNode = FALSE
	EndGlobalSection
	GlobalSection(ExtensibilityGlobals) = postSolution
		SolutionGuid = {6941D69B-1B6C-4C35-B081-FEACA5CB0481}
	EndGlobalSection
EndGlobal
