
Microsoft Visual Studio Solution File, Format Version 12.00
# Visual Studio Version 17
VisualStudioVersion = 17.3.32819.101
MinimumVisualStudioVersion = 10.0.40219.1
Project("{FAE04EC0-301F-11D3-BF4B-00C04F79EFBC}") = "01. Single Inheritance", "01. Single Inheritance.csproj", "{D1857E17-F6D0-447E-B824-34874E81EFC6}"
EndProject
Project("{FAE04EC0-301F-11D3-BF4B-00C04F79EFBC}") = "02. Multiple Inheritance", "..\02. Multiple Inheritance\02. Multiple Inheritance.csproj", "{3C95DB16-3B0B-479A-A38E-168AC49C8601}"
EndProject
Project("{FAE04EC0-301F-11D3-BF4B-00C04F79EFBC}") = "03. Hierarchical Inheritance", "..\03. Hierarchical Inheritance\03. Hierarchical Inheritance.csproj", "{AECF8AEF-FAE9-4C9A-892B-7E77B490C1C8}"
EndProject
Project("{FAE04EC0-301F-11D3-BF4B-00C04F79EFBC}") = "04. Random List", "..\04. Random List\04. Random List.csproj", "{A8F47075-90A5-4511-9478-3F7E4D143C5C}"
EndProject
Project("{FAE04EC0-301F-11D3-BF4B-00C04F79EFBC}") = "05. Stack of Strings", "..\05. Stack of Strings\05. Stack of Strings.csproj", "{63B9A7E7-E9F6-49B9-8C41-9E5A42DF40B9}"
EndProject
Global
	GlobalSection(SolutionConfigurationPlatforms) = preSolution
		Debug|Any CPU = Debug|Any CPU
		Release|Any CPU = Release|Any CPU
	EndGlobalSection
	GlobalSection(ProjectConfigurationPlatforms) = postSolution
		{D1857E17-F6D0-447E-B824-34874E81EFC6}.Debug|Any CPU.ActiveCfg = Debug|Any CPU
		{D1857E17-F6D0-447E-B824-34874E81EFC6}.Debug|Any CPU.Build.0 = Debug|Any CPU
		{D1857E17-F6D0-447E-B824-34874E81EFC6}.Release|Any CPU.ActiveCfg = Release|Any CPU
		{D1857E17-F6D0-447E-B824-34874E81EFC6}.Release|Any CPU.Build.0 = Release|Any CPU
		{3C95DB16-3B0B-479A-A38E-168AC49C8601}.Debug|Any CPU.ActiveCfg = Debug|Any CPU
		{3C95DB16-3B0B-479A-A38E-168AC49C8601}.Debug|Any CPU.Build.0 = Debug|Any CPU
		{3C95DB16-3B0B-479A-A38E-168AC49C8601}.Release|Any CPU.ActiveCfg = Release|Any CPU
		{3C95DB16-3B0B-479A-A38E-168AC49C8601}.Release|Any CPU.Build.0 = Release|Any CPU
		{AECF8AEF-FAE9-4C9A-892B-7E77B490C1C8}.Debug|Any CPU.ActiveCfg = Debug|Any CPU
		{AECF8AEF-FAE9-4C9A-892B-7E77B490C1C8}.Debug|Any CPU.Build.0 = Debug|Any CPU
		{AECF8AEF-FAE9-4C9A-892B-7E77B490C1C8}.Release|Any CPU.ActiveCfg = Release|Any CPU
		{AECF8AEF-FAE9-4C9A-892B-7E77B490C1C8}.Release|Any CPU.Build.0 = Release|Any CPU
		{A8F47075-90A5-4511-9478-3F7E4D143C5C}.Debug|Any CPU.ActiveCfg = Debug|Any CPU
		{A8F47075-90A5-4511-9478-3F7E4D143C5C}.Debug|Any CPU.Build.0 = Debug|Any CPU
		{A8F47075-90A5-4511-9478-3F7E4D143C5C}.Release|Any CPU.ActiveCfg = Release|Any CPU
		{A8F47075-90A5-4511-9478-3F7E4D143C5C}.Release|Any CPU.Build.0 = Release|Any CPU
		{63B9A7E7-E9F6-49B9-8C41-9E5A42DF40B9}.Debug|Any CPU.ActiveCfg = Debug|Any CPU
		{63B9A7E7-E9F6-49B9-8C41-9E5A42DF40B9}.Debug|Any CPU.Build.0 = Debug|Any CPU
		{63B9A7E7-E9F6-49B9-8C41-9E5A42DF40B9}.Release|Any CPU.ActiveCfg = Release|Any CPU
		{63B9A7E7-E9F6-49B9-8C41-9E5A42DF40B9}.Release|Any CPU.Build.0 = Release|Any CPU
	EndGlobalSection
	GlobalSection(SolutionProperties) = preSolution
		HideSolutionNode = FALSE
	EndGlobalSection
	GlobalSection(ExtensibilityGlobals) = postSolution
		SolutionGuid = {878B302D-415E-4CD4-903D-7F0C5847F150}
	EndGlobalSection
EndGlobal
